
Microsoft Visual Studio Solution File, Format Version 12.00
# Visual Studio 15
VisualStudioVersion = 15.0.27130.2027
MinimumVisualStudioVersion = 10.0.40219.1
Project("{FAE04EC0-301F-11D3-BF4B-00C04F79EFBC}") = "PokemonStadium", "PokemonStadium\PokemonStadium.csproj", "{BAAC24A1-3036-4DD5-931A-61C3C19741A0}"
EndProject
Global
	GlobalSection(SolutionConfigurationPlatforms) = preSolution
		Debug|Any CPU = Debug|Any CPU
		Release|Any CPU = Release|Any CPU
	EndGlobalSection
	GlobalSection(ProjectConfigurationPlatforms) = postSolution
		{BAAC24A1-3036-4DD5-931A-61C3C19741A0}.Debug|Any CPU.ActiveCfg = Debug|Any CPU
		{BAAC24A1-3036-4DD5-931A-61C3C19741A0}.Debug|Any CPU.Build.0 = Debug|Any CPU
		{BAAC24A1-3036-4DD5-931A-61C3C19741A0}.Release|Any CPU.ActiveCfg = Release|Any CPU
		{BAAC24A1-3036-4DD5-931A-61C3C19741A0}.Release|Any CPU.Build.0 = Release|Any CPU
	EndGlobalSection
	GlobalSection(SolutionProperties) = preSolution
		HideSolutionNode = FALSE
	EndGlobalSection
	GlobalSection(ExtensibilityGlobals) = postSolution
		SolutionGuid = {80CBE520-C72B-41C6-B4A7-FE6AA7E76321}
	EndGlobalSection
EndGlobal
